// !$*UTF8*$!
{
	archiveVersion = 1;
	classes = {
	};
	objectVersion = 46;
	objects = {

/* Begin PBXBuildFile section */
		45052B5C1335870800A59410 /* Cocoa.framework in Frameworks */ = {isa = PBXBuildFile; fileRef = 45D7299B13357F39003E2EA5 /* Cocoa.framework */; };
		4538845D13296AA3002A4196 /* Foundation.framework in Frameworks */ = {isa = PBXBuildFile; fileRef = 4538845C13296AA3002A4196 /* Foundation.framework */; };
		4538846013296AA3002A4196 /* main.m in Sources */ = {isa = PBXBuildFile; fileRef = 4538845F13296AA3002A4196 /* main.m */; };
		4538847413296EA4002A4196 /* KAScene.m in Sources */ = {isa = PBXBuildFile; fileRef = 4538847113296EA4002A4196 /* KAScene.m */; };
		4538847513296EA4002A4196 /* KATracer.m in Sources */ = {isa = PBXBuildFile; fileRef = 4538847313296EA4002A4196 /* KATracer.m */; };
		4538847813297204002A4196 /* KAImage.m in Sources */ = {isa = PBXBuildFile; fileRef = 4538847713297204002A4196 /* KAImage.m */; };
		45388483132980D7002A4196 /* AppKit.framework in Frameworks */ = {isa = PBXBuildFile; fileRef = 45388482132980D7002A4196 /* AppKit.framework */; };
		45388486132B7D22002A4196 /* KARay.m in Sources */ = {isa = PBXBuildFile; fileRef = 45388485132B7D22002A4196 /* KARay.m */; };
		453884B4132CCF24002A4196 /* NSObject+JSON.m in Sources */ = {isa = PBXBuildFile; fileRef = 453884A3132CCF24002A4196 /* NSObject+JSON.m */; };
		453884B5132CCF24002A4196 /* SBJsonParser.m in Sources */ = {isa = PBXBuildFile; fileRef = 453884A5132CCF24002A4196 /* SBJsonParser.m */; };
		453884B6132CCF24002A4196 /* SBJsonStreamParser.m in Sources */ = {isa = PBXBuildFile; fileRef = 453884A7132CCF24002A4196 /* SBJsonStreamParser.m */; };
		453884B7132CCF24002A4196 /* SBJsonStreamParserAdapter.m in Sources */ = {isa = PBXBuildFile; fileRef = 453884A9132CCF24002A4196 /* SBJsonStreamParserAdapter.m */; };
		453884B8132CCF24002A4196 /* SBJsonStreamParserState.m in Sources */ = {isa = PBXBuildFile; fileRef = 453884AB132CCF24002A4196 /* SBJsonStreamParserState.m */; };
		453884B9132CCF24002A4196 /* SBJsonStreamWriter.m in Sources */ = {isa = PBXBuildFile; fileRef = 453884AD132CCF24002A4196 /* SBJsonStreamWriter.m */; };
		453884BA132CCF24002A4196 /* SBJsonStreamWriterState.m in Sources */ = {isa = PBXBuildFile; fileRef = 453884AF132CCF24002A4196 /* SBJsonStreamWriterState.m */; };
		453884BB132CCF24002A4196 /* SBJsonTokeniser.m in Sources */ = {isa = PBXBuildFile; fileRef = 453884B1132CCF24002A4196 /* SBJsonTokeniser.m */; };
		453884BC132CCF24002A4196 /* SBJsonWriter.m in Sources */ = {isa = PBXBuildFile; fileRef = 453884B3132CCF24002A4196 /* SBJsonWriter.m */; };
		453884D5132D706A002A4196 /* NSColor+RGBString.m in Sources */ = {isa = PBXBuildFile; fileRef = 453884D4132D706A002A4196 /* NSColor+RGBString.m */; };
		453884D8132D7B58002A4196 /* KALight.m in Sources */ = {isa = PBXBuildFile; fileRef = 453884D7132D7B54002A4196 /* KALight.m */; };
		453884E8132EBB2C002A4196 /* KAPoint3d.m in Sources */ = {isa = PBXBuildFile; fileRef = 453884E7132EBB2C002A4196 /* KAPoint3d.m */; };
		453884EA132EBE10002A4196 /* KASphere.m in Sources */ = {isa = PBXBuildFile; fileRef = 453884E9132EBE0F002A4196 /* KASphere.m */; };
		453884ED132ED530002A4196 /* KAVector3d.m in Sources */ = {isa = PBXBuildFile; fileRef = 453884EC132ED52E002A4196 /* KAVector3d.m */; };
		4567EFED133936A600948C4A /* KAVector3dTest.m in Sources */ = {isa = PBXBuildFile; fileRef = 4567EFEA133935A700948C4A /* KAVector3dTest.m */; };
		4567EFF11339476800948C4A /* KAMaterial.m in Sources */ = {isa = PBXBuildFile; fileRef = 4567EFF01339476800948C4A /* KAMaterial.m */; };
		4567EFF21339477D00948C4A /* KAMaterial.m in Sources */ = {isa = PBXBuildFile; fileRef = 4567EFF01339476800948C4A /* KAMaterial.m */; };
		45A38444133A986000494ACE /* KARayTest.m in Sources */ = {isa = PBXBuildFile; fileRef = 45A38443133A986000494ACE /* KARayTest.m */; };
		45EE66DC1335873A00F7C0EF /* GHUnit.framework in Frameworks */ = {isa = PBXBuildFile; fileRef = 45EE66DB1335873A00F7C0EF /* GHUnit.framework */; };
		45EE66E4133588F900F7C0EF /* GHUnitTestMain.m in Sources */ = {isa = PBXBuildFile; fileRef = 45EE66E2133588EE00F7C0EF /* GHUnitTestMain.m */; };
		45EE66EF13358A9800F7C0EF /* KASphereTest.m in Sources */ = {isa = PBXBuildFile; fileRef = 45EE66EE13358A9800F7C0EF /* KASphereTest.m */; };
		45EE66F313358C7700F7C0EF /* KASphere.m in Sources */ = {isa = PBXBuildFile; fileRef = 453884E9132EBE0F002A4196 /* KASphere.m */; };
		45EE66F513358C7700F7C0EF /* KAPoint3d.m in Sources */ = {isa = PBXBuildFile; fileRef = 453884E7132EBB2C002A4196 /* KAPoint3d.m */; };
		45EE66F713358C7700F7C0EF /* KAVector3d.m in Sources */ = {isa = PBXBuildFile; fileRef = 453884EC132ED52E002A4196 /* KAVector3d.m */; };
		45EE66F913358C7700F7C0EF /* KARay.m in Sources */ = {isa = PBXBuildFile; fileRef = 45388485132B7D22002A4196 /* KARay.m */; };
		45EE66FD13358D1600F7C0EF /* NSColor+RGBString.m in Sources */ = {isa = PBXBuildFile; fileRef = 453884D4132D706A002A4196 /* NSColor+RGBString.m */; };
/* End PBXBuildFile section */

/* Begin PBXContainerItemProxy section */
		45EE66DE1335874600F7C0EF /* PBXContainerItemProxy */ = {
			isa = PBXContainerItemProxy;
			containerPortal = 4538844F13296AA3002A4196 /* Project object */;
			proxyType = 1;
			remoteGlobalIDString = 4538845713296AA3002A4196;
			remoteInfo = raytracer;
		};
/* End PBXContainerItemProxy section */

/* Begin PBXCopyFilesBuildPhase section */
		4538845613296AA3002A4196 /* CopyFiles */ = {
			isa = PBXCopyFilesBuildPhase;
			buildActionMask = 2147483647;
			dstPath = /usr/share/man/man1/;
			dstSubfolderSpec = 0;
			files = (
			);
			runOnlyForDeploymentPostprocessing = 1;
		};
/* End PBXCopyFilesBuildPhase section */

/* Begin PBXFileReference section */
		45052B5A1335870800A59410 /* tests.app */ = {isa = PBXFileReference; explicitFileType = wrapper.application; includeInIndex = 0; path = tests.app; sourceTree = BUILT_PRODUCTS_DIR; };
		450D474C1335594D00D6A651 /* scene2.json */ = {isa = PBXFileReference; fileEncoding = 4; lastKnownFileType = text; name = scene2.json; path = "Supporting Files/scene2.json"; sourceTree = "<group>"; };
		4538845813296AA3002A4196 /* raytracer */ = {isa = PBXFileReference; explicitFileType = "compiled.mach-o.executable"; includeInIndex = 0; path = raytracer; sourceTree = BUILT_PRODUCTS_DIR; };
		4538845C13296AA3002A4196 /* Foundation.framework */ = {isa = PBXFileReference; lastKnownFileType = wrapper.framework; name = Foundation.framework; path = System/Library/Frameworks/Foundation.framework; sourceTree = SDKROOT; };
		4538845F13296AA3002A4196 /* main.m */ = {isa = PBXFileReference; lastKnownFileType = sourcecode.c.objc; path = main.m; sourceTree = "<group>"; };
		4538846213296AA3002A4196 /* raytracer-Prefix.pch */ = {isa = PBXFileReference; lastKnownFileType = sourcecode.c.h; path = "raytracer-Prefix.pch"; sourceTree = "<group>"; };
		4538847013296EA4002A4196 /* KAScene.h */ = {isa = PBXFileReference; fileEncoding = 4; lastKnownFileType = sourcecode.c.h; name = KAScene.h; path = Classes/KAScene.h; sourceTree = "<group>"; };
		4538847113296EA4002A4196 /* KAScene.m */ = {isa = PBXFileReference; fileEncoding = 4; lastKnownFileType = sourcecode.c.objc; name = KAScene.m; path = Classes/KAScene.m; sourceTree = "<group>"; };
		4538847213296EA4002A4196 /* KATracer.h */ = {isa = PBXFileReference; fileEncoding = 4; lastKnownFileType = sourcecode.c.h; name = KATracer.h; path = Classes/KATracer.h; sourceTree = "<group>"; };
		4538847313296EA4002A4196 /* KATracer.m */ = {isa = PBXFileReference; fileEncoding = 4; lastKnownFileType = sourcecode.c.objc; name = KATracer.m; path = Classes/KATracer.m; sourceTree = "<group>"; };
		4538847613297204002A4196 /* KAImage.h */ = {isa = PBXFileReference; fileEncoding = 4; lastKnownFileType = sourcecode.c.h; name = KAImage.h; path = Classes/KAImage.h; sourceTree = "<group>"; };
		4538847713297204002A4196 /* KAImage.m */ = {isa = PBXFileReference; fileEncoding = 4; lastKnownFileType = sourcecode.c.objc; name = KAImage.m; path = Classes/KAImage.m; sourceTree = "<group>"; };
		45388482132980D7002A4196 /* AppKit.framework */ = {isa = PBXFileReference; lastKnownFileType = wrapper.framework; name = AppKit.framework; path = System/Library/Frameworks/AppKit.framework; sourceTree = SDKROOT; };
		45388484132B7D21002A4196 /* KARay.h */ = {isa = PBXFileReference; fileEncoding = 4; lastKnownFileType = sourcecode.c.h; name = KARay.h; path = Classes/KARay.h; sourceTree = "<group>"; };
		45388485132B7D22002A4196 /* KARay.m */ = {isa = PBXFileReference; fileEncoding = 4; lastKnownFileType = sourcecode.c.objc; name = KARay.m; path = Classes/KARay.m; sourceTree = "<group>"; };
		453884A1132CCF24002A4196 /* JSON.h */ = {isa = PBXFileReference; fileEncoding = 4; lastKnownFileType = sourcecode.c.h; path = JSON.h; sourceTree = "<group>"; };
		453884A2132CCF24002A4196 /* NSObject+JSON.h */ = {isa = PBXFileReference; fileEncoding = 4; lastKnownFileType = sourcecode.c.h; path = "NSObject+JSON.h"; sourceTree = "<group>"; };
		453884A3132CCF24002A4196 /* NSObject+JSON.m */ = {isa = PBXFileReference; fileEncoding = 4; lastKnownFileType = sourcecode.c.objc; path = "NSObject+JSON.m"; sourceTree = "<group>"; };
		453884A4132CCF24002A4196 /* SBJsonParser.h */ = {isa = PBXFileReference; fileEncoding = 4; lastKnownFileType = sourcecode.c.h; path = SBJsonParser.h; sourceTree = "<group>"; };
		453884A5132CCF24002A4196 /* SBJsonParser.m */ = {isa = PBXFileReference; fileEncoding = 4; lastKnownFileType = sourcecode.c.objc; path = SBJsonParser.m; sourceTree = "<group>"; };
		453884A6132CCF24002A4196 /* SBJsonStreamParser.h */ = {isa = PBXFileReference; fileEncoding = 4; lastKnownFileType = sourcecode.c.h; path = SBJsonStreamParser.h; sourceTree = "<group>"; };
		453884A7132CCF24002A4196 /* SBJsonStreamParser.m */ = {isa = PBXFileReference; fileEncoding = 4; lastKnownFileType = sourcecode.c.objc; path = SBJsonStreamParser.m; sourceTree = "<group>"; };
		453884A8132CCF24002A4196 /* SBJsonStreamParserAdapter.h */ = {isa = PBXFileReference; fileEncoding = 4; lastKnownFileType = sourcecode.c.h; path = SBJsonStreamParserAdapter.h; sourceTree = "<group>"; };
		453884A9132CCF24002A4196 /* SBJsonStreamParserAdapter.m */ = {isa = PBXFileReference; fileEncoding = 4; lastKnownFileType = sourcecode.c.objc; path = SBJsonStreamParserAdapter.m; sourceTree = "<group>"; };
		453884AA132CCF24002A4196 /* SBJsonStreamParserState.h */ = {isa = PBXFileReference; fileEncoding = 4; lastKnownFileType = sourcecode.c.h; path = SBJsonStreamParserState.h; sourceTree = "<group>"; };
		453884AB132CCF24002A4196 /* SBJsonStreamParserState.m */ = {isa = PBXFileReference; fileEncoding = 4; lastKnownFileType = sourcecode.c.objc; path = SBJsonStreamParserState.m; sourceTree = "<group>"; };
		453884AC132CCF24002A4196 /* SBJsonStreamWriter.h */ = {isa = PBXFileReference; fileEncoding = 4; lastKnownFileType = sourcecode.c.h; path = SBJsonStreamWriter.h; sourceTree = "<group>"; };
		453884AD132CCF24002A4196 /* SBJsonStreamWriter.m */ = {isa = PBXFileReference; fileEncoding = 4; lastKnownFileType = sourcecode.c.objc; path = SBJsonStreamWriter.m; sourceTree = "<group>"; };
		453884AE132CCF24002A4196 /* SBJsonStreamWriterState.h */ = {isa = PBXFileReference; fileEncoding = 4; lastKnownFileType = sourcecode.c.h; path = SBJsonStreamWriterState.h; sourceTree = "<group>"; };
		453884AF132CCF24002A4196 /* SBJsonStreamWriterState.m */ = {isa = PBXFileReference; fileEncoding = 4; lastKnownFileType = sourcecode.c.objc; path = SBJsonStreamWriterState.m; sourceTree = "<group>"; };
		453884B0132CCF24002A4196 /* SBJsonTokeniser.h */ = {isa = PBXFileReference; fileEncoding = 4; lastKnownFileType = sourcecode.c.h; path = SBJsonTokeniser.h; sourceTree = "<group>"; };
		453884B1132CCF24002A4196 /* SBJsonTokeniser.m */ = {isa = PBXFileReference; fileEncoding = 4; lastKnownFileType = sourcecode.c.objc; path = SBJsonTokeniser.m; sourceTree = "<group>"; };
		453884B2132CCF24002A4196 /* SBJsonWriter.h */ = {isa = PBXFileReference; fileEncoding = 4; lastKnownFileType = sourcecode.c.h; path = SBJsonWriter.h; sourceTree = "<group>"; };
		453884B3132CCF24002A4196 /* SBJsonWriter.m */ = {isa = PBXFileReference; fileEncoding = 4; lastKnownFileType = sourcecode.c.objc; path = SBJsonWriter.m; sourceTree = "<group>"; };
		453884BD132CD111002A4196 /* scene.json */ = {isa = PBXFileReference; explicitFileType = sourcecode.javascript; fileEncoding = 4; name = scene.json; path = "Supporting Files/scene.json"; sourceTree = "<group>"; };
		453884D3132D706A002A4196 /* NSColor+RGBString.h */ = {isa = PBXFileReference; fileEncoding = 4; lastKnownFileType = sourcecode.c.h; name = "NSColor+RGBString.h"; path = "Classes/Categories/NSColor+RGBString.h"; sourceTree = "<group>"; };
		453884D4132D706A002A4196 /* NSColor+RGBString.m */ = {isa = PBXFileReference; fileEncoding = 4; lastKnownFileType = sourcecode.c.objc; name = "NSColor+RGBString.m"; path = "Classes/Categories/NSColor+RGBString.m"; sourceTree = "<group>"; };
		453884D6132D7B52002A4196 /* KALight.h */ = {isa = PBXFileReference; fileEncoding = 4; lastKnownFileType = sourcecode.c.h; name = KALight.h; path = Classes/KALight.h; sourceTree = "<group>"; };
		453884D7132D7B54002A4196 /* KALight.m */ = {isa = PBXFileReference; fileEncoding = 4; lastKnownFileType = sourcecode.c.objc; name = KALight.m; path = Classes/KALight.m; sourceTree = "<group>"; };
		453884E2132EBB0B002A4196 /* KASphere.h */ = {isa = PBXFileReference; fileEncoding = 4; lastKnownFileType = sourcecode.c.h; path = KASphere.h; sourceTree = "<group>"; };
		453884E6132EBB2C002A4196 /* KAPoint3d.h */ = {isa = PBXFileReference; fileEncoding = 4; lastKnownFileType = sourcecode.c.h; path = KAPoint3d.h; sourceTree = "<group>"; };
		453884E7132EBB2C002A4196 /* KAPoint3d.m */ = {isa = PBXFileReference; fileEncoding = 4; lastKnownFileType = sourcecode.c.objc; path = KAPoint3d.m; sourceTree = "<group>"; };
		453884E9132EBE0F002A4196 /* KASphere.m */ = {isa = PBXFileReference; fileEncoding = 4; lastKnownFileType = sourcecode.c.objc; path = KASphere.m; sourceTree = "<group>"; };
		453884EB132ED52D002A4196 /* KAVector3d.h */ = {isa = PBXFileReference; fileEncoding = 4; lastKnownFileType = sourcecode.c.h; path = KAVector3d.h; sourceTree = "<group>"; };
		453884EC132ED52E002A4196 /* KAVector3d.m */ = {isa = PBXFileReference; fileEncoding = 4; lastKnownFileType = sourcecode.c.objc; path = KAVector3d.m; sourceTree = "<group>"; };
		4567EFEA133935A700948C4A /* KAVector3dTest.m */ = {isa = PBXFileReference; fileEncoding = 4; lastKnownFileType = sourcecode.c.objc; name = KAVector3dTest.m; path = Tests/KAVector3dTest.m; sourceTree = "<group>"; };
		4567EFEF1339476800948C4A /* KAMaterial.h */ = {isa = PBXFileReference; fileEncoding = 4; lastKnownFileType = sourcecode.c.h; name = KAMaterial.h; path = Classes/KAMaterial.h; sourceTree = "<group>"; };
		4567EFF01339476800948C4A /* KAMaterial.m */ = {isa = PBXFileReference; fileEncoding = 4; lastKnownFileType = sourcecode.c.objc; name = KAMaterial.m; path = Classes/KAMaterial.m; sourceTree = "<group>"; };
		45A3843C133A7B4F00494ACE /* tests-Info.plist */ = {isa = PBXFileReference; fileEncoding = 4; lastKnownFileType = text.plist.xml; path = "tests-Info.plist"; sourceTree = "<group>"; };
		45A3843D133A7B4F00494ACE /* tests-Prefix.pch */ = {isa = PBXFileReference; fileEncoding = 4; lastKnownFileType = sourcecode.c.h; path = "tests-Prefix.pch"; sourceTree = "<group>"; };
		45A38443133A986000494ACE /* KARayTest.m */ = {isa = PBXFileReference; fileEncoding = 4; lastKnownFileType = sourcecode.c.objc; name = KARayTest.m; path = Tests/KARayTest.m; sourceTree = "<group>"; };
		45D7299B13357F39003E2EA5 /* Cocoa.framework */ = {isa = PBXFileReference; lastKnownFileType = wrapper.framework; name = Cocoa.framework; path = System/Library/Frameworks/Cocoa.framework; sourceTree = SDKROOT; };
		45D7299E13357F39003E2EA5 /* AppKit.framework */ = {isa = PBXFileReference; lastKnownFileType = wrapper.framework; name = AppKit.framework; path = System/Library/Frameworks/AppKit.framework; sourceTree = SDKROOT; };
		45D7299F13357F39003E2EA5 /* CoreData.framework */ = {isa = PBXFileReference; lastKnownFileType = wrapper.framework; name = CoreData.framework; path = System/Library/Frameworks/CoreData.framework; sourceTree = SDKROOT; };
		45D729A013357F39003E2EA5 /* Foundation.framework */ = {isa = PBXFileReference; lastKnownFileType = wrapper.framework; name = Foundation.framework; path = System/Library/Frameworks/Foundation.framework; sourceTree = SDKROOT; };
		45EE66DB1335873A00F7C0EF /* GHUnit.framework */ = {isa = PBXFileReference; lastKnownFileType = wrapper.framework; name = GHUnit.framework; path = Library/Frameworks/GHUnit.framework; sourceTree = SDKROOT; };
		45EE66E2133588EE00F7C0EF /* GHUnitTestMain.m */ = {isa = PBXFileReference; fileEncoding = 4; lastKnownFileType = sourcecode.c.objc; path = GHUnitTestMain.m; sourceTree = "<group>"; };
		45EE66EE13358A9800F7C0EF /* KASphereTest.m */ = {isa = PBXFileReference; fileEncoding = 4; lastKnownFileType = sourcecode.c.objc; name = KASphereTest.m; path = Tests/KASphereTest.m; sourceTree = "<group>"; };
		45EE67001338FA5A00F7C0EF /* README.md */ = {isa = PBXFileReference; fileEncoding = 4; lastKnownFileType = text; path = README.md; sourceTree = SOURCE_ROOT; };
/* End PBXFileReference section */

/* Begin PBXFrameworksBuildPhase section */
		45052B571335870800A59410 /* Frameworks */ = {
			isa = PBXFrameworksBuildPhase;
			buildActionMask = 2147483647;
			files = (
				45EE66DC1335873A00F7C0EF /* GHUnit.framework in Frameworks */,
				45052B5C1335870800A59410 /* Cocoa.framework in Frameworks */,
			);
			runOnlyForDeploymentPostprocessing = 0;
		};
		4538845513296AA3002A4196 /* Frameworks */ = {
			isa = PBXFrameworksBuildPhase;
			buildActionMask = 2147483647;
			files = (
				45388483132980D7002A4196 /* AppKit.framework in Frameworks */,
				4538845D13296AA3002A4196 /* Foundation.framework in Frameworks */,
			);
			runOnlyForDeploymentPostprocessing = 0;
		};
/* End PBXFrameworksBuildPhase section */

/* Begin PBXGroup section */
		45052B5D1335870800A59410 /* tests */ = {
			isa = PBXGroup;
			children = (
				45EE66E51335890400F7C0EF /* Tests */,
				45052B5E1335870800A59410 /* Supporting Files */,
			);
			path = tests;
			sourceTree = "<group>";
		};
		45052B5E1335870800A59410 /* Supporting Files */ = {
			isa = PBXGroup;
			children = (
				45A3843C133A7B4F00494ACE /* tests-Info.plist */,
				45A3843D133A7B4F00494ACE /* tests-Prefix.pch */,
				45EE67001338FA5A00F7C0EF /* README.md */,
				45EE66E2133588EE00F7C0EF /* GHUnitTestMain.m */,
			);
			name = "Supporting Files";
			sourceTree = "<group>";
		};
		4538844D13296AA3002A4196 = {
			isa = PBXGroup;
			children = (
				4538845E13296AA3002A4196 /* raytracer */,
				45052B5D1335870800A59410 /* tests */,
				4538845B13296AA3002A4196 /* Frameworks */,
				4538845913296AA3002A4196 /* Products */,
			);
			sourceTree = "<group>";
		};
		4538845913296AA3002A4196 /* Products */ = {
			isa = PBXGroup;
			children = (
				4538845813296AA3002A4196 /* raytracer */,
				45052B5A1335870800A59410 /* tests.app */,
			);
			name = Products;
			sourceTree = "<group>";
		};
		4538845B13296AA3002A4196 /* Frameworks */ = {
			isa = PBXGroup;
			children = (
				45EE66DB1335873A00F7C0EF /* GHUnit.framework */,
				45388482132980D7002A4196 /* AppKit.framework */,
				4538845C13296AA3002A4196 /* Foundation.framework */,
				45D7299B13357F39003E2EA5 /* Cocoa.framework */,
				45D7299D13357F39003E2EA5 /* Other Frameworks */,
			);
			name = Frameworks;
			sourceTree = "<group>";
		};
		4538845E13296AA3002A4196 /* raytracer */ = {
			isa = PBXGroup;
			children = (
				4538846913296AB3002A4196 /* Classes */,
				4538845F13296AA3002A4196 /* main.m */,
				4538846113296AA3002A4196 /* Supporting Files */,
			);
			path = raytracer;
			sourceTree = "<group>";
		};
		4538846113296AA3002A4196 /* Supporting Files */ = {
			isa = PBXGroup;
			children = (
				450D474C1335594D00D6A651 /* scene2.json */,
				4538846213296AA3002A4196 /* raytracer-Prefix.pch */,
				453884BD132CD111002A4196 /* scene.json */,
			);
			name = "Supporting Files";
			sourceTree = "<group>";
		};
		4538846913296AB3002A4196 /* Classes */ = {
			isa = PBXGroup;
			children = (
				453884D2132D6FCD002A4196 /* Categories */,
				4538849F132CCF23002A4196 /* Vendor */,
				453884DF132EBB0A002A4196 /* Geometry */,
				4538847013296EA4002A4196 /* KAScene.h */,
				4538847113296EA4002A4196 /* KAScene.m */,
				453884D6132D7B52002A4196 /* KALight.h */,
				453884D7132D7B54002A4196 /* KALight.m */,
				4538847213296EA4002A4196 /* KATracer.h */,
				4538847313296EA4002A4196 /* KATracer.m */,
				4538847613297204002A4196 /* KAImage.h */,
				4538847713297204002A4196 /* KAImage.m */,
				45388484132B7D21002A4196 /* KARay.h */,
				45388485132B7D22002A4196 /* KARay.m */,
				4567EFEF1339476800948C4A /* KAMaterial.h */,
				4567EFF01339476800948C4A /* KAMaterial.m */,
			);
			name = Classes;
			sourceTree = "<group>";
		};
		4538849F132CCF23002A4196 /* Vendor */ = {
			isa = PBXGroup;
			children = (
				453884A0132CCF24002A4196 /* JSON */,
			);
			name = Vendor;
			path = Classes/Vendor;
			sourceTree = "<group>";
		};
		453884A0132CCF24002A4196 /* JSON */ = {
			isa = PBXGroup;
			children = (
				453884A1132CCF24002A4196 /* JSON.h */,
				453884A2132CCF24002A4196 /* NSObject+JSON.h */,
				453884A3132CCF24002A4196 /* NSObject+JSON.m */,
				453884A4132CCF24002A4196 /* SBJsonParser.h */,
				453884A5132CCF24002A4196 /* SBJsonParser.m */,
				453884A6132CCF24002A4196 /* SBJsonStreamParser.h */,
				453884A7132CCF24002A4196 /* SBJsonStreamParser.m */,
				453884A8132CCF24002A4196 /* SBJsonStreamParserAdapter.h */,
				453884A9132CCF24002A4196 /* SBJsonStreamParserAdapter.m */,
				453884AA132CCF24002A4196 /* SBJsonStreamParserState.h */,
				453884AB132CCF24002A4196 /* SBJsonStreamParserState.m */,
				453884AC132CCF24002A4196 /* SBJsonStreamWriter.h */,
				453884AD132CCF24002A4196 /* SBJsonStreamWriter.m */,
				453884AE132CCF24002A4196 /* SBJsonStreamWriterState.h */,
				453884AF132CCF24002A4196 /* SBJsonStreamWriterState.m */,
				453884B0132CCF24002A4196 /* SBJsonTokeniser.h */,
				453884B1132CCF24002A4196 /* SBJsonTokeniser.m */,
				453884B2132CCF24002A4196 /* SBJsonWriter.h */,
				453884B3132CCF24002A4196 /* SBJsonWriter.m */,
			);
			path = JSON;
			sourceTree = "<group>";
		};
		453884D2132D6FCD002A4196 /* Categories */ = {
			isa = PBXGroup;
			children = (
				453884D3132D706A002A4196 /* NSColor+RGBString.h */,
				453884D4132D706A002A4196 /* NSColor+RGBString.m */,
			);
			name = Categories;
			sourceTree = "<group>";
		};
		453884DF132EBB0A002A4196 /* Geometry */ = {
			isa = PBXGroup;
			children = (
				453884E2132EBB0B002A4196 /* KASphere.h */,
				453884E9132EBE0F002A4196 /* KASphere.m */,
				453884E6132EBB2C002A4196 /* KAPoint3d.h */,
				453884E7132EBB2C002A4196 /* KAPoint3d.m */,
				453884EB132ED52D002A4196 /* KAVector3d.h */,
				453884EC132ED52E002A4196 /* KAVector3d.m */,
			);
			name = Geometry;
			path = Classes/Geometry;
			sourceTree = "<group>";
		};
		45D7299D13357F39003E2EA5 /* Other Frameworks */ = {
			isa = PBXGroup;
			children = (
				45D7299E13357F39003E2EA5 /* AppKit.framework */,
				45D7299F13357F39003E2EA5 /* CoreData.framework */,
				45D729A013357F39003E2EA5 /* Foundation.framework */,
			);
			name = "Other Frameworks";
			sourceTree = "<group>";
		};
		45EE66E51335890400F7C0EF /* Tests */ = {
			isa = PBXGroup;
			children = (
				45A38443133A986000494ACE /* KARayTest.m */,
				45EE66EE13358A9800F7C0EF /* KASphereTest.m */,
				4567EFEA133935A700948C4A /* KAVector3dTest.m */,
			);
			name = Tests;
			sourceTree = "<group>";
		};
/* End PBXGroup section */

/* Begin PBXNativeTarget section */
		45052B591335870800A59410 /* tests */ = {
			isa = PBXNativeTarget;
			buildConfigurationList = 45052B6F1335870800A59410 /* Build configuration list for PBXNativeTarget "tests" */;
			buildPhases = (
				45052B561335870800A59410 /* Sources */,
				45052B571335870800A59410 /* Frameworks */,
				45052B581335870800A59410 /* Resources */,
				45EE66FE13361C0C00F7C0EF /* ShellScript */,
			);
			buildRules = (
			);
			dependencies = (
				45EE66DF1335874600F7C0EF /* PBXTargetDependency */,
			);
			name = tests;
			productName = tests;
			productReference = 45052B5A1335870800A59410 /* tests.app */;
			productType = "com.apple.product-type.application";
		};
		4538845713296AA3002A4196 /* raytracer */ = {
			isa = PBXNativeTarget;
			buildConfigurationList = 4538846613296AA3002A4196 /* Build configuration list for PBXNativeTarget "raytracer" */;
			buildPhases = (
				4538845413296AA3002A4196 /* Sources */,
				4538845513296AA3002A4196 /* Frameworks */,
				4538845613296AA3002A4196 /* CopyFiles */,
			);
			buildRules = (
			);
			dependencies = (
			);
			name = raytracer;
			productName = raytracer;
			productReference = 4538845813296AA3002A4196 /* raytracer */;
			productType = "com.apple.product-type.tool";
		};
/* End PBXNativeTarget section */

/* Begin PBXProject section */
		4538844F13296AA3002A4196 /* Project object */ = {
			isa = PBXProject;
			attributes = {
				ORGANIZATIONNAME = aadnoy.com;
			};
			buildConfigurationList = 4538845213296AA3002A4196 /* Build configuration list for PBXProject "raytracer" */;
			compatibilityVersion = "Xcode 3.2";
			developmentRegion = English;
			hasScannedForEncodings = 0;
			knownRegions = (
				en,
			);
			mainGroup = 4538844D13296AA3002A4196;
			productRefGroup = 4538845913296AA3002A4196 /* Products */;
			projectDirPath = "";
			projectRoot = "";
			targets = (
				4538845713296AA3002A4196 /* raytracer */,
				45052B591335870800A59410 /* tests */,
			);
		};
/* End PBXProject section */

/* Begin PBXResourcesBuildPhase section */
		45052B581335870800A59410 /* Resources */ = {
			isa = PBXResourcesBuildPhase;
			buildActionMask = 2147483647;
			files = (
			);
			runOnlyForDeploymentPostprocessing = 0;
		};
/* End PBXResourcesBuildPhase section */

/* Begin PBXShellScriptBuildPhase section */
		45EE66FE13361C0C00F7C0EF /* ShellScript */ = {
			isa = PBXShellScriptBuildPhase;
			buildActionMask = 2147483647;
			files = (
			);
			inputPaths = (
			);
			outputPaths = (
			);
			runOnlyForDeploymentPostprocessing = 0;
			shellPath = /bin/sh;
			shellScript = "";
			showEnvVarsInLog = 0;
		};
/* End PBXShellScriptBuildPhase section */

/* Begin PBXSourcesBuildPhase section */
		45052B561335870800A59410 /* Sources */ = {
			isa = PBXSourcesBuildPhase;
			buildActionMask = 2147483647;
			files = (
				4567EFF21339477D00948C4A /* KAMaterial.m in Sources */,
				45EE66FD13358D1600F7C0EF /* NSColor+RGBString.m in Sources */,
				45EE66F313358C7700F7C0EF /* KASphere.m in Sources */,
				45EE66F513358C7700F7C0EF /* KAPoint3d.m in Sources */,
				45EE66F713358C7700F7C0EF /* KAVector3d.m in Sources */,
				45EE66F913358C7700F7C0EF /* KARay.m in Sources */,
				45EE66E4133588F900F7C0EF /* GHUnitTestMain.m in Sources */,
				45EE66EF13358A9800F7C0EF /* KASphereTest.m in Sources */,
				4567EFED133936A600948C4A /* KAVector3dTest.m in Sources */,
				45A38444133A986000494ACE /* KARayTest.m in Sources */,
			);
			runOnlyForDeploymentPostprocessing = 0;
		};
		4538845413296AA3002A4196 /* Sources */ = {
			isa = PBXSourcesBuildPhase;
			buildActionMask = 2147483647;
			files = (
				4538846013296AA3002A4196 /* main.m in Sources */,
				4538847413296EA4002A4196 /* KAScene.m in Sources */,
				4538847513296EA4002A4196 /* KATracer.m in Sources */,
				4538847813297204002A4196 /* KAImage.m in Sources */,
				45388486132B7D22002A4196 /* KARay.m in Sources */,
				453884B4132CCF24002A4196 /* NSObject+JSON.m in Sources */,
				453884B5132CCF24002A4196 /* SBJsonParser.m in Sources */,
				453884B6132CCF24002A4196 /* SBJsonStreamParser.m in Sources */,
				453884B7132CCF24002A4196 /* SBJsonStreamParserAdapter.m in Sources */,
				453884B8132CCF24002A4196 /* SBJsonStreamParserState.m in Sources */,
				453884B9132CCF24002A4196 /* SBJsonStreamWriter.m in Sources */,
				453884BA132CCF24002A4196 /* SBJsonStreamWriterState.m in Sources */,
				453884BB132CCF24002A4196 /* SBJsonTokeniser.m in Sources */,
				453884BC132CCF24002A4196 /* SBJsonWriter.m in Sources */,
				453884D5132D706A002A4196 /* NSColor+RGBString.m in Sources */,
				453884D8132D7B58002A4196 /* KALight.m in Sources */,
				453884E8132EBB2C002A4196 /* KAPoint3d.m in Sources */,
				453884EA132EBE10002A4196 /* KASphere.m in Sources */,
				453884ED132ED530002A4196 /* KAVector3d.m in Sources */,
				4567EFF11339476800948C4A /* KAMaterial.m in Sources */,
			);
			runOnlyForDeploymentPostprocessing = 0;
		};
/* End PBXSourcesBuildPhase section */

/* Begin PBXTargetDependency section */
		45EE66DF1335874600F7C0EF /* PBXTargetDependency */ = {
			isa = PBXTargetDependency;
			target = 4538845713296AA3002A4196 /* raytracer */;
			targetProxy = 45EE66DE1335874600F7C0EF /* PBXContainerItemProxy */;
		};
/* End PBXTargetDependency section */

/* Begin XCBuildConfiguration section */
		45052B701335870800A59410 /* Debug */ = {
			isa = XCBuildConfiguration;
			buildSettings = {
				ALWAYS_SEARCH_USER_PATHS = NO;
				COPY_PHASE_STRIP = NO;
				GCC_DYNAMIC_NO_PIC = NO;
				GCC_ENABLE_OBJC_EXCEPTIONS = YES;
				GCC_PRECOMPILE_PREFIX_HEADER = YES;
				GCC_PREFIX_HEADER = "tests/tests-Prefix.pch";
				INFOPLIST_FILE = "tests/tests-Info.plist";
				PRODUCT_NAME = "$(TARGET_NAME)";
				WRAPPER_EXTENSION = app;
			};
			name = Debug;
		};
		45052B711335870800A59410 /* Release */ = {
			isa = XCBuildConfiguration;
			buildSettings = {
				ALWAYS_SEARCH_USER_PATHS = NO;
				COPY_PHASE_STRIP = YES;
				DEBUG_INFORMATION_FORMAT = "dwarf-with-dsym";
				GCC_ENABLE_OBJC_EXCEPTIONS = YES;
				GCC_PRECOMPILE_PREFIX_HEADER = YES;
				GCC_PREFIX_HEADER = "tests/tests-Prefix.pch";
				INFOPLIST_FILE = "tests/tests-Info.plist";
				PRODUCT_NAME = "$(TARGET_NAME)";
				WRAPPER_EXTENSION = app;
			};
			name = Release;
		};
		4538846413296AA3002A4196 /* Debug */ = {
			isa = XCBuildConfiguration;
			buildSettings = {
				ARCHS = "$(ARCHS_STANDARD_32_64_BIT)";
				GCC_C_LANGUAGE_STANDARD = gnu99;
				GCC_OPTIMIZATION_LEVEL = 0;
				GCC_PREPROCESSOR_DEFINITIONS = DEBUG;
				GCC_SYMBOLS_PRIVATE_EXTERN = NO;
				GCC_VERSION = com.apple.compilers.llvm.clang.1_0;
				GCC_WARN_64_TO_32_BIT_CONVERSION = YES;
				GCC_WARN_ABOUT_RETURN_TYPE = YES;
				GCC_WARN_UNUSED_VARIABLE = YES;
				MACOSX_DEPLOYMENT_TARGET = 10.6;
				ONLY_ACTIVE_ARCH = YES;
				SDKROOT = macosx;
			};
			name = Debug;
		};
		4538846513296AA3002A4196 /* Release */ = {
			isa = XCBuildConfiguration;
			buildSettings = {
				ARCHS = "$(ARCHS_STANDARD_32_64_BIT)";
				GCC_C_LANGUAGE_STANDARD = gnu99;
				GCC_VERSION = com.apple.compilers.llvm.clang.1_0;
				GCC_WARN_64_TO_32_BIT_CONVERSION = YES;
				GCC_WARN_ABOUT_RETURN_TYPE = YES;
				GCC_WARN_UNUSED_VARIABLE = YES;
				MACOSX_DEPLOYMENT_TARGET = 10.6;
				SDKROOT = macosx;
			};
			name = Release;
		};
		4538846713296AA3002A4196 /* Debug */ = {
			isa = XCBuildConfiguration;
			buildSettings = {
				ALWAYS_SEARCH_USER_PATHS = NO;
				ARCHS = "$(ARCHS_STANDARD_32_64_BIT)";
				COPY_PHASE_STRIP = NO;
				FRAMEWORK_SEARCH_PATHS = (
					"$(inherited)",
					"\"$(SRCROOT)\"",
				);
				GCC_DYNAMIC_NO_PIC = NO;
				GCC_ENABLE_OBJC_EXCEPTIONS = YES;
				GCC_PRECOMPILE_PREFIX_HEADER = YES;
				GCC_PREFIX_HEADER = "raytracer/raytracer-Prefix.pch";
				GCC_VERSION = com.apple.compilers.llvm.clang.1_0;
				LD_OPENMP_FLAGS = "-fopenmp";
				OTHER_CFLAGS = "";
				OTHER_LDFLAGS = "";
				PRODUCT_NAME = "$(TARGET_NAME)";
				STANDARD_C_PLUS_PLUS_LIBRARY_TYPE = dynamic;
			};
			name = Debug;
		};
		4538846813296AA3002A4196 /* Release */ = {
			isa = XCBuildConfiguration;
			buildSettings = {
				ALWAYS_SEARCH_USER_PATHS = NO;
				ARCHS = "$(ARCHS_STANDARD_32_64_BIT)";
				COPY_PHASE_STRIP = YES;
				DEBUG_INFORMATION_FORMAT = "dwarf-with-dsym";
				FRAMEWORK_SEARCH_PATHS = (
					"$(inherited)",
					"\"$(SRCROOT)\"",
				);
				GCC_ENABLE_OBJC_EXCEPTIONS = YES;
				GCC_PRECOMPILE_PREFIX_HEADER = YES;
				GCC_PREFIX_HEADER = "raytracer/raytracer-Prefix.pch";
				GCC_VERSION = com.apple.compilers.llvm.clang.1_0;
				LD_OPENMP_FLAGS = "-fopenmp";
				OTHER_CFLAGS = "";
				OTHER_LDFLAGS = "";
				PRODUCT_NAME = "$(TARGET_NAME)";
				STANDARD_C_PLUS_PLUS_LIBRARY_TYPE = dynamic;
			};
			name = Release;
		};
/* End XCBuildConfiguration section */

/* Begin XCConfigurationList section */
		45052B6F1335870800A59410 /* Build configuration list for PBXNativeTarget "tests" */ = {
			isa = XCConfigurationList;
			buildConfigurations = (
				45052B701335870800A59410 /* Debug */,
				45052B711335870800A59410 /* Release */,
			);
			defaultConfigurationIsVisible = 0;
			defaultConfigurationName = Release;
		};
		4538845213296AA3002A4196 /* Build configuration list for PBXProject "raytracer" */ = {
			isa = XCConfigurationList;
			buildConfigurations = (
				4538846413296AA3002A4196 /* Debug */,
				4538846513296AA3002A4196 /* Release */,
			);
			defaultConfigurationIsVisible = 0;
			defaultConfigurationName = Release;
		};
		4538846613296AA3002A4196 /* Build configuration list for PBXNativeTarget "raytracer" */ = {
			isa = XCConfigurationList;
			buildConfigurations = (
				4538846713296AA3002A4196 /* Debug */,
				4538846813296AA3002A4196 /* Release */,
			);
			defaultConfigurationIsVisible = 0;
			defaultConfigurationName = Release;
		};
/* End XCConfigurationList section */
	};
	rootObject = 4538844F13296AA3002A4196 /* Project object */;
}
